
Microsoft Visual Studio Solution File, Format Version 12.00
# Visual Studio Version 16
VisualStudioVersion = 16.0.29709.97
MinimumVisualStudioVersion = 10.0.40219.1
Project("{FAE04EC0-301F-11D3-BF4B-00C04F79EFBC}") = "ZedConf", "ZedConf.csproj", "{7D1419C5-6F22-420B-A8C2-7E4B23AEB9C9}"
EndProject
Project("{FAE04EC0-301F-11D3-BF4B-00C04F79EFBC}") = "ZedConf.Entities", "..\ZedConf.Entities\ZedConf.Entities.csproj", "{C1BBAB03-519B-48F3-967A-1239E8B70C24}"
EndProject
Project("{FAE04EC0-301F-11D3-BF4B-00C04F79EFBC}") = "ZedConf.Core", "..\ZedConf.Core\ZedConf.Core.csproj", "{6A67A931-F4AA-4E05-9355-A8406623B29D}"
EndProject
Project("{FAE04EC0-301F-11D3-BF4B-00C04F79EFBC}") = "ZedConf.Persistence", "..\ZedConf.Persistence\ZedConf.Persistence.csproj", "{D5713805-0280-45D0-8E25-71FBA803B924}"
EndProject
Global
	GlobalSection(SolutionConfigurationPlatforms) = preSolution
		Debug|Any CPU = Debug|Any CPU
		Release|Any CPU = Release|Any CPU
	EndGlobalSection
	GlobalSection(ProjectConfigurationPlatforms) = postSolution
		{7D1419C5-6F22-420B-A8C2-7E4B23AEB9C9}.Debug|Any CPU.ActiveCfg = Debug|Any CPU
		{7D1419C5-6F22-420B-A8C2-7E4B23AEB9C9}.Debug|Any CPU.Build.0 = Debug|Any CPU
		{7D1419C5-6F22-420B-A8C2-7E4B23AEB9C9}.Release|Any CPU.ActiveCfg = Release|Any CPU
		{7D1419C5-6F22-420B-A8C2-7E4B23AEB9C9}.Release|Any CPU.Build.0 = Release|Any CPU
		{C1BBAB03-519B-48F3-967A-1239E8B70C24}.Debug|Any CPU.ActiveCfg = Debug|Any CPU
		{C1BBAB03-519B-48F3-967A-1239E8B70C24}.Debug|Any CPU.Build.0 = Debug|Any CPU
		{C1BBAB03-519B-48F3-967A-1239E8B70C24}.Release|Any CPU.ActiveCfg = Release|Any CPU
		{C1BBAB03-519B-48F3-967A-1239E8B70C24}.Release|Any CPU.Build.0 = Release|Any CPU
		{6A67A931-F4AA-4E05-9355-A8406623B29D}.Debug|Any CPU.ActiveCfg = Debug|Any CPU
		{6A67A931-F4AA-4E05-9355-A8406623B29D}.Debug|Any CPU.Build.0 = Debug|Any CPU
		{6A67A931-F4AA-4E05-9355-A8406623B29D}.Release|Any CPU.ActiveCfg = Release|Any CPU
		{6A67A931-F4AA-4E05-9355-A8406623B29D}.Release|Any CPU.Build.0 = Release|Any CPU
		{D5713805-0280-45D0-8E25-71FBA803B924}.Debug|Any CPU.ActiveCfg = Debug|Any CPU
		{D5713805-0280-45D0-8E25-71FBA803B924}.Debug|Any CPU.Build.0 = Debug|Any CPU
		{D5713805-0280-45D0-8E25-71FBA803B924}.Release|Any CPU.ActiveCfg = Release|Any CPU
		{D5713805-0280-45D0-8E25-71FBA803B924}.Release|Any CPU.Build.0 = Release|Any CPU
	EndGlobalSection
	GlobalSection(SolutionProperties) = preSolution
		HideSolutionNode = FALSE
	EndGlobalSection
	GlobalSection(ExtensibilityGlobals) = postSolution
		SolutionGuid = {8587697F-2DD6-4C7F-B4D6-32DCD7377917}
	EndGlobalSection
EndGlobal
